PODS:
  - FBRetainCycleDetector (0.1.4)

DEPENDENCIES:
  - FBRetainCycleDetector (= 0.1.4)

SPEC REPOS:
  trunk:
    - FBRetainCycleDetector

SPEC CHECKSUMS:
  FBRetainCycleDetector: 46f8179bbb1c587deee3ea838a1a3ee02acf5015

PODFILE CHECKSUM: a96ac865215fc77a73de7db3608c7b8c640e1dab

COCOAPODS: 1.10.0
