PODS:
  - FBRetainCycleDetector (0.1.4)

DEPENDENCIES:
  - FBRetainCycleDetector (= 0.1.4)

SPEC REPOS:
  trunk:
    - FBRetainCycleDetector

SPEC CHECKSUMS:
  FBRetainCycleDetector: 46f8179bbb1c587deee3ea838a1a3ee02acf5015

PODFILE CHECKSUM: f1796c72d83e0e8fdf7db441ebda1f3ff06a6b57

COCOAPODS: 1.10.0
